{
	"name": "@projectstorm/react-diagrams-routing",
	"version": "6.0.1-beta.6",
	"lockfileVersion": 1,
	"requires": true,
	"dependencies": {
		"@projectstorm/geometry": {
			"version": "6.0.1-beta.6",
			"resolved": "https://registry.npmjs.org/@projectstorm/geometry/-/geometry-6.0.1-beta.6.tgz",
			"integrity": "sha512-zbklx01sUv2XEcP69TBbY+FpAsPUpKTq4T6WVzeVk0IoISm2bByP7OKAH4iQ0Yu+2WZQzi0itvuXKh9lPcXlwg=="
		},
		"@projectstorm/react-canvas-core": {
			"version": "6.0.1-beta.6",
			"resolved": "https://registry.npmjs.org/@projectstorm/react-canvas-core/-/react-canvas-core-6.0.1-beta.6.tgz",
			"integrity": "sha512-31SeqqbcKFM07XkBh+myrgyzZWSAD72OWB7gcX4b7Qk2GhfKgASkInpv8MAhIvn+7OdOiMu/M9Srb2DWm6sAeg==",
			"requires": {
				"@projectstorm/geometry": "^6.0.1-beta.6"
			}
		},
		"@projectstorm/react-diagrams-core": {
			"version": "6.0.1-beta.6",
			"resolved": "https://registry.npmjs.org/@projectstorm/react-diagrams-core/-/react-diagrams-core-6.0.1-beta.6.tgz",
			"integrity": "sha512-rRR3rQ8CC9yZTKrE6bzloLXYpio6k0TOSLD7mz3iDaK23vqD0sjopBBbibZjHyo6Qn8xQo2iVKIgL9SE+FH1kg==",
			"requires": {
				"@projectstorm/geometry": "^6.0.1-beta.6",
				"@projectstorm/react-canvas-core": "^6.0.1-beta.6"
			}
		},
		"@projectstorm/react-diagrams-defaults": {
			"version": "6.0.1-beta.6",
			"resolved": "https://registry.npmjs.org/@projectstorm/react-diagrams-defaults/-/react-diagrams-defaults-6.0.1-beta.6.tgz",
			"integrity": "sha512-VDdl9+EfS5YnzT9t8Ebmw8OjaLrS7twwHoc3d/uXnHjr099iHdYKbyxQU1zejITewla6mM3+1CcjcgGjB4tc4A==",
			"requires": {
				"@projectstorm/react-diagrams-core": "^6.0.1-beta.6"
			}
		}
	}
}
